
Microsoft Visual Studio Solution File, Format Version 12.00
# Visual Studio Version 17
VisualStudioVersion = 17.9.34701.34
MinimumVisualStudioVersion = 10.0.40219.1
Project("{FAE04EC0-301F-11D3-BF4B-00C04F79EFBC}") = "scard", "scard.csproj", "{12145201-325C-45CA-AAA9-E3EAE8CC0016}"
EndProject
Global
	GlobalSection(SolutionConfigurationPlatforms) = preSolution
		Debug|Any CPU = Debug|Any CPU
		Release|Any CPU = Release|Any CPU
	EndGlobalSection
	GlobalSection(ProjectConfigurationPlatforms) = postSolution
		{12145201-325C-45CA-AAA9-E3EAE8CC0016}.Debug|Any CPU.ActiveCfg = Debug|Any CPU
		{12145201-325C-45CA-AAA9-E3EAE8CC0016}.Debug|Any CPU.Build.0 = Debug|Any CPU
		{12145201-325C-45CA-AAA9-E3EAE8CC0016}.Release|Any CPU.ActiveCfg = Release|Any CPU
		{12145201-325C-45CA-AAA9-E3EAE8CC0016}.Release|Any CPU.Build.0 = Release|Any CPU
	EndGlobalSection
	GlobalSection(SolutionProperties) = preSolution
		HideSolutionNode = FALSE
	EndGlobalSection
	GlobalSection(ExtensibilityGlobals) = postSolution
		SolutionGuid = {74B1B5FD-FB55-406F-A623-8AADA47103CF}
	EndGlobalSection
EndGlobal
